
Microsoft Visual Studio Solution File, Format Version 12.00
# Visual Studio Version 17
VisualStudioVersion = 17.0.31903.59
MinimumVisualStudioVersion = 10.0.40219.1
Project("{FAE04EC0-301F-11D3-BF4B-00C04F79EFBC}") = "DotnetStateMachine", "DotnetStateMachine\DotnetStateMachine.csproj", "{A40EC6BB-A00C-4745-88AA-2B3BB19E508E}"
EndProject
Project("{FAE04EC0-301F-11D3-BF4B-00C04F79EFBC}") = "DotnetStateMachine.Tests", "DotnetStateMachine.Tests\DotnetStateMachine.Tests.csproj", "{2F4B7108-A9DF-499E-A675-72E6C98F6811}"
EndProject
Global
	GlobalSection(SolutionConfigurationPlatforms) = preSolution
		Debug|Any CPU = Debug|Any CPU
		Release|Any CPU = Release|Any CPU
	EndGlobalSection
	GlobalSection(SolutionProperties) = preSolution
		HideSolutionNode = FALSE
	EndGlobalSection
	GlobalSection(ProjectConfigurationPlatforms) = postSolution
		{A40EC6BB-A00C-4745-88AA-2B3BB19E508E}.Debug|Any CPU.ActiveCfg = Debug|Any CPU
		{A40EC6BB-A00C-4745-88AA-2B3BB19E508E}.Debug|Any CPU.Build.0 = Debug|Any CPU
		{A40EC6BB-A00C-4745-88AA-2B3BB19E508E}.Release|Any CPU.ActiveCfg = Release|Any CPU
		{A40EC6BB-A00C-4745-88AA-2B3BB19E508E}.Release|Any CPU.Build.0 = Release|Any CPU
		{2F4B7108-A9DF-499E-A675-72E6C98F6811}.Debug|Any CPU.ActiveCfg = Debug|Any CPU
		{2F4B7108-A9DF-499E-A675-72E6C98F6811}.Debug|Any CPU.Build.0 = Debug|Any CPU
		{2F4B7108-A9DF-499E-A675-72E6C98F6811}.Release|Any CPU.ActiveCfg = Release|Any CPU
		{2F4B7108-A9DF-499E-A675-72E6C98F6811}.Release|Any CPU.Build.0 = Release|Any CPU
	EndGlobalSection
EndGlobal
